NeoBundleLock recognize_charcode.vim e3736c82396ae54160a275329e2915ddd8ca2d83
NeoBundleLock typescript-vim fa1efac6ce022fc307836d34828c6aff43481233
NeoBundleLock vim-ft-go 2f2ddb6f462397508d28b6ca56576aebf56b3662
NeoBundleLock vim-go-extra 522fc495fd9de46c3c87d46a81bff5b1072f5e97
NeoBundleLock vim-gosrc 5b475ae56df48df964aa6723d9874a2a34417496
NeoBundleLock vim-markdown ee550a7b2b47010fda7e5568dbffebd986ead080
NeoBundleLock vim-toml f6f79f3cc6740dfacca73a195857cbc45e778912
